
Microsoft Visual Studio Solution File, Format Version 12.00
# Visual Studio Version 17
VisualStudioVersion = 17.10.35027.167
MinimumVisualStudioVersion = 10.0.40219.1
Project("{8BC9CEB8-8B4A-11D0-8D11-00A0C91BC942}") = "OpenStitching", "OpenStitching\OpenStitching.vcxproj", "{14732D4D-8FB7-41D6-B8DF-2EE896ED4335}"
EndProject
Project("{54435603-DBB4-11D2-8724-00A0C9A8B90C}") = "Open_Stitching", "Open_Stitching\Open_Stitching.vdproj", "{6A227FBE-30DA-47B9-A25D-7ACF804047B1}"
EndProject
Global
	GlobalSection(SolutionConfigurationPlatforms) = preSolution
		Debug|x64 = Debug|x64
		Debug|x86 = Debug|x86
		Release|x64 = Release|x64
		Release|x86 = Release|x86
	EndGlobalSection
	GlobalSection(ProjectConfigurationPlatforms) = postSolution
		{14732D4D-8FB7-41D6-B8DF-2EE896ED4335}.Debug|x64.ActiveCfg = Debug|x64
		{14732D4D-8FB7-41D6-B8DF-2EE896ED4335}.Debug|x64.Build.0 = Debug|x64
		{14732D4D-8FB7-41D6-B8DF-2EE896ED4335}.Debug|x86.ActiveCfg = Debug|Win32
		{14732D4D-8FB7-41D6-B8DF-2EE896ED4335}.Debug|x86.Build.0 = Debug|Win32
		{14732D4D-8FB7-41D6-B8DF-2EE896ED4335}.Release|x64.ActiveCfg = Release|x64
		{14732D4D-8FB7-41D6-B8DF-2EE896ED4335}.Release|x64.Build.0 = Release|x64
		{14732D4D-8FB7-41D6-B8DF-2EE896ED4335}.Release|x86.ActiveCfg = Release|Win32
		{14732D4D-8FB7-41D6-B8DF-2EE896ED4335}.Release|x86.Build.0 = Release|Win32
		{6A227FBE-30DA-47B9-A25D-7ACF804047B1}.Debug|x64.ActiveCfg = Debug
		{6A227FBE-30DA-47B9-A25D-7ACF804047B1}.Debug|x86.ActiveCfg = Debug
		{6A227FBE-30DA-47B9-A25D-7ACF804047B1}.Release|x64.ActiveCfg = Release
		{6A227FBE-30DA-47B9-A25D-7ACF804047B1}.Release|x86.ActiveCfg = Release
	EndGlobalSection
	GlobalSection(SolutionProperties) = preSolution
		HideSolutionNode = FALSE
	EndGlobalSection
	GlobalSection(ExtensibilityGlobals) = postSolution
		SolutionGuid = {14C5C34F-FAFC-4D2A-A016-06C7ED8A333E}
	EndGlobalSection
EndGlobal
